
Microsoft Visual Studio Solution File, Format Version 12.00
# Visual Studio Version 17
VisualStudioVersion = 17.7.34031.279
MinimumVisualStudioVersion = 10.0.40219.1
Project("{9A19103F-16F7-4668-BE54-9A1E7A4F7556}") = "Test rogue platformer", "Test rogue platformer\Test rogue platformer.csproj", "{69E1D680-1679-4A21-AAD8-62DC4634EEFA}"
EndProject
Project("{2150E333-8FDC-42A3-9474-1A3956D46DE8}") = "Solution Items", "Solution Items", "{74B7EDBA-7BA7-4FEC-8DD7-0EBD4F91A293}"
EndProject
Global
	GlobalSection(SolutionConfigurationPlatforms) = preSolution
		Debug|Any CPU = Debug|Any CPU
		Release|Any CPU = Release|Any CPU
	EndGlobalSection
	GlobalSection(ProjectConfigurationPlatforms) = postSolution
		{69E1D680-1679-4A21-AAD8-62DC4634EEFA}.Debug|Any CPU.ActiveCfg = Debug|Any CPU
		{69E1D680-1679-4A21-AAD8-62DC4634EEFA}.Debug|Any CPU.Build.0 = Debug|Any CPU
		{69E1D680-1679-4A21-AAD8-62DC4634EEFA}.Release|Any CPU.ActiveCfg = Release|Any CPU
		{69E1D680-1679-4A21-AAD8-62DC4634EEFA}.Release|Any CPU.Build.0 = Release|Any CPU
	EndGlobalSection
	GlobalSection(SolutionProperties) = preSolution
		HideSolutionNode = FALSE
	EndGlobalSection
	GlobalSection(ExtensibilityGlobals) = postSolution
		SolutionGuid = {A0B897C0-AB61-4680-ACD2-473F08C791B5}
	EndGlobalSection
EndGlobal
